
Microsoft Visual Studio Solution File, Format Version 12.00
# Visual Studio 15
VisualStudioVersion = 15.0.28010.2048
MinimumVisualStudioVersion = 10.0.40219.1
Project("{FAE04EC0-301F-11D3-BF4B-00C04F79EFBC}") = "ConsoleAppTest", "ConsoleAppTest\ConsoleAppTest.csproj", "{DB8DFDB0-3F07-4D43-BD5E-2115680199CB}"
EndProject
Global
	GlobalSection(SolutionConfigurationPlatforms) = preSolution
		Debug|Any CPU = Debug|Any CPU
		Release|Any CPU = Release|Any CPU
	EndGlobalSection
	GlobalSection(ProjectConfigurationPlatforms) = postSolution
		{DB8DFDB0-3F07-4D43-BD5E-2115680199CB}.Debug|Any CPU.ActiveCfg = Debug|Any CPU
		{DB8DFDB0-3F07-4D43-BD5E-2115680199CB}.Debug|Any CPU.Build.0 = Debug|Any CPU
		{DB8DFDB0-3F07-4D43-BD5E-2115680199CB}.Release|Any CPU.ActiveCfg = Release|Any CPU
		{DB8DFDB0-3F07-4D43-BD5E-2115680199CB}.Release|Any CPU.Build.0 = Release|Any CPU
	EndGlobalSection
	GlobalSection(SolutionProperties) = preSolution
		HideSolutionNode = FALSE
	EndGlobalSection
	GlobalSection(ExtensibilityGlobals) = postSolution
		SolutionGuid = {231EC7EC-5395-40F1-B7C6-B90997FE71AE}
	EndGlobalSection
EndGlobal
